{
  "nodes": {
    "brew-src": {
      "flake": false,
      "locked": {
        "lastModified": 1781226006,
        "narHash": "sha256-w4ZTuOnhYiDxjaynrMTASzp802QblBWmo3wpB8wVN4Y=",
        "owner": "Homebrew",
        "repo": "brew",
        "rev": "109191be4988470b51a60a5ef1998520aa24c01b",
        "type": "github"
      },
      "original": {
        "owner": "Homebrew",
        "ref": "6.0.1",
        "repo": "brew",
        "type": "github"
      }
    },
    "flake-parts": {
      "inputs": {
        "nixpkgs-lib": [
          "nixpkgs"
        ]
      },
      "locked": {
        "lastModified": 1778716662,
        "narHash": "sha256-m1Yf0wZ8j1OHjTc2UwHwyQRSnNeSgLJOd7q5Y45hzi4=",
        "owner": "hercules-ci",
        "repo": "flake-parts",
        "rev": "f7c1a2d347e4c52d5fb8d10cb4d94b5884e546fb",
        "type": "github"
      },
      "original": {
        "owner": "hercules-ci",
        "repo": "flake-parts",
        "type": "github"
      }
    },
    "hey-cli": {
      "inputs": {
        "nixpkgs": "nixpkgs"
      },
      "locked": {
        "lastModified": 1788891569,
        "narHash": "sha256-KinPIzXIfG2w3jwWoQRdWGu9Z8SHQXI9iAIDb1+w94M=",
        "owner": "basecamp",
        "repo": "hey-cli",
        "rev": "19260a30637b13a00efcef1e3f340dcf2567e3fd",
        "type": "github"
      },
      "original": {
        "owner": "basecamp",
        "repo": "hey-cli",
        "type": "github"
      }
    },
    "home-manager": {
      "inputs": {
        "nixpkgs": [
          "nixpkgs"
        ]
      },
      "locked": {
        "lastModified": 1784588016,
        "narHash": "sha256-ouZe80aWEhMLVMkqICFDN+JUw+0FJtCr/bh+hHtRtMg=",
        "owner": "nix-community",
        "repo": "home-manager",
        "rev": "deeb6b7eb7e0c44ae1819c051ce175bd92a85100",
        "type": "github"
      },
      "original": {
        "owner": "nix-community",
        "repo": "home-manager",
        "type": "github"
      }
    },
    "homebrew-cask": {
      "flake": false,
      "locked": {
        "lastModified": 1781727804,
        "narHash": "sha256-0m3uzoDlJtlAUf/PjXhsBXWb61BoHq6VgG7psxeRrSY=",
        "owner": "homebrew",
        "repo": "homebrew-cask",
        "rev": "1aa5470158780954666e8fe2a969259298f3e714",
        "type": "github"
      },
      "original": {
        "owner": "homebrew",
        "repo": "homebrew-cask",
        "type": "github"
      }
    },
    "homebrew-chainguard": {
      "flake": false,
      "locked": {
        "lastModified": 1781649496,
        "narHash": "sha256-gIXVrinWRIxE+DzUy2GHWuxIIYcTMki3zztiFKqvEuU=",
        "owner": "chainguard-dev",
        "repo": "homebrew-tap",
        "rev": "4996435867cba55b5710b812766f625fe0989d7e",
        "type": "github"
      },
      "original": {
        "owner": "chainguard-dev",
        "repo": "homebrew-tap",
        "type": "github"
      }
    },
    "homebrew-core": {
      "flake": false,
      "locked": {
        "lastModified": 1781732147,
        "narHash": "sha256-My/ZFv9PvZ9N21rkTyM5GERbIZn3jUzBf4PGqqZYXwA=",
        "owner": "homebrew",
        "repo": "homebrew-core",
        "rev": "9c85b641cc38918c583271924fc0c391b61182b2",
        "type": "github"
      },
      "original": {
        "owner": "homebrew",
        "repo": "homebrew-core",
        "type": "github"
      }
    },
    "homebrew-schpet": {
      "flake": false,
      "locked": {
        "lastModified": 1776285540,
        "narHash": "sha256-0cIEJiOlfOyRU/w3TOGiyMeluoaVexzEJd7Og2DELeQ=",
        "owner": "schpet",
        "repo": "homebrew-tap",
        "rev": "c256873d145d6a012165b89c28a1e8ce5256bec7",
        "type": "github"
      },
      "original": {
        "owner": "schpet",
        "repo": "homebrew-tap",
        "type": "github"
      }
    },
    "homebrew-tomobar": {
      "flake": false,
      "locked": {
        "lastModified": 1772759692,
        "narHash": "sha256-9Gl9Eo21cfKWXuzw+W1nOYUwhyAl14gaYP80AHv7k9s=",
        "owner": "ArtemYurov",
        "repo": "homebrew-tomobar",
        "rev": "b4288d7f5d7d53799b9afd15941d352106d10494",
        "type": "github"
      },
      "original": {
        "owner": "ArtemYurov",
        "repo": "homebrew-tomobar",
        "type": "github"
      }
    },
    "import-tree": {
      "locked": {
        "lastModified": 1778781969,
        "narHash": "sha256-Jjuz5CmSkur8KvLDoGa+vylEp+RkQtv4mt/qcMznpH0=",
        "owner": "vic",
        "repo": "import-tree",
        "rev": "d321337efd0f23a9eb14a42adb7b2c29313ab274",
        "type": "github"
      },
      "original": {
        "owner": "vic",
        "repo": "import-tree",
        "type": "github"
      }
    },
    "nix-darwin": {
      "inputs": {
        "nixpkgs": [
          "nixpkgs"
        ]
      },
      "locked": {
        "lastModified": 1784500460,
        "narHash": "sha256-UvORnAxTRHax7RG74W8Z2t4GvIkX6AjJ5kk0QlwZomo=",
        "owner": "nix-darwin",
        "repo": "nix-darwin",
        "rev": "57a3171f94705599a2499248ca5758d5eb47c0e0",
        "type": "github"
      },
      "original": {
        "owner": "nix-darwin",
        "ref": "master",
        "repo": "nix-darwin",
        "type": "github"
      }
    },
    "nix-homebrew": {
      "inputs": {
        "brew-src": "brew-src"
      },
      "locked": {
        "lastModified": 1781389246,
        "narHash": "sha256-ORqLAo/hoJdsZC7UPAuEHev6S0+XIqKEC7vjo5prz1k=",
        "owner": "zhaofengli",
        "repo": "nix-homebrew",
        "rev": "de7953a08ed4bb9245be043e468561c17b89130d",
        "type": "github"
      },
      "original": {
        "owner": "zhaofengli",
        "repo": "nix-homebrew",
        "type": "github"
      }
    },
    "nixpkgs": {
      "locked": {
        "lastModified": 1788865024,
        "narHash": "sha256-3YkAzvtt4LoE11IcBDzPshIF3fJ0aIoILqE7dAg8CLI=",
        "owner": "NixOS",
        "repo": "nixpkgs",
        "rev": "422d1ae605d7fcd9896412b37dc065c456c0eefb",
        "type": "github"
      },
      "original": {
        "owner": "NixOS",
        "ref": "nixpkgs-unstable",
        "repo": "nixpkgs",
        "type": "github"
      }
    },
    "nixpkgs_2": {
      "locked": {
        "lastModified": 1784555310,
        "narHash": "sha256-/FCliTPgiuV1owejZFNx3Ch9irdvkOfOFl+HHZ+DrtM=",
        "owner": "NixOS",
        "repo": "nixpkgs",
        "rev": "421eebfd0ec7bccd4abe826ce62d7e6e83129493",
        "type": "github"
      },
      "original": {
        "owner": "NixOS",
        "ref": "nixpkgs-unstable",
        "repo": "nixpkgs",
        "type": "github"
      }
    },
    "noctalia": {
      "inputs": {
        "nixpkgs": [
          "nixpkgs"
        ]
      },
      "locked": {
        "lastModified": 1781731747,
        "narHash": "sha256-Kf7Qw02O1fsWSYTGYAl+4HljS9Wmt0rBIkMEIFZsmWQ=",
        "owner": "noctalia-dev",
        "repo": "noctalia-shell",
        "rev": "23d69b565f49670ee5b6568149b810822560f8fa",
        "type": "github"
      },
      "original": {
        "owner": "noctalia-dev",
        "repo": "noctalia-shell",
        "type": "github"
      }
    },
    "root": {
      "inputs": {
        "flake-parts": "flake-parts",
        "hey-cli": "hey-cli",
        "home-manager": "home-manager",
        "homebrew-cask": "homebrew-cask",
        "homebrew-chainguard": "homebrew-chainguard",
        "homebrew-core": "homebrew-core",
        "homebrew-schpet": "homebrew-schpet",
        "homebrew-tomobar": "homebrew-tomobar",
        "import-tree": "import-tree",
        "nix-darwin": "nix-darwin",
        "nix-homebrew": "nix-homebrew",
        "nixpkgs": "nixpkgs_2",
        "noctalia": "noctalia"
      }
    }
  },
  "root": "root",
  "version": 7
}
